// !$*UTF8*$!
{
	archiveVersion = 1;
	classes = {
	};
	objectVersion = 55;
	objects = {

/* Begin PBXBuildFile section */
		1D72775A2690557B16C2B7BA /* Pods_MYGOOGLEMAP.framework in Frameworks */ = {isa = PBXBuildFile; fileRef = 094B866BF7389B0E2E9684DB /* Pods_MYGOOGLEMAP.framework */; };
		54199AC7288022A600D21F50 /* AppleMapVC.swift in Sources */ = {isa = PBXBuildFile; fileRef = 54199AC5288022A600D21F50 /* AppleMapVC.swift */; };
		544AE603287EAEFA005AC9D4 /* AppDelegate.swift in Sources */ = {isa = PBXBuildFile; fileRef = 544AE602287EAEFA005AC9D4 /* AppDelegate.swift */; };
		544AE605287EAEFA005AC9D4 /* SceneDelegate.swift in Sources */ = {isa = PBXBuildFile; fileRef = 544AE604287EAEFA005AC9D4 /* SceneDelegate.swift */; };
		544AE607287EAEFA005AC9D4 /* ViewController.swift in Sources */ = {isa = PBXBuildFile; fileRef = 544AE606287EAEFA005AC9D4 /* ViewController.swift */; };
		544AE60A287EAEFA005AC9D4 /* Main.storyboard in Resources */ = {isa = PBXBuildFile; fileRef = 544AE608287EAEFA005AC9D4 /* Main.storyboard */; };
		544AE60C287EAEFD005AC9D4 /* Assets.xcassets in Resources */ = {isa = PBXBuildFile; fileRef = 544AE60B287EAEFD005AC9D4 /* Assets.xcassets */; };
		544AE60F287EAEFD005AC9D4 /* LaunchScreen.storyboard in Resources */ = {isa = PBXBuildFile; fileRef = 544AE60D287EAEFD005AC9D4 /* LaunchScreen.storyboard */; };
		544AE61A287EAEFE005AC9D4 /* MYGOOGLEMAPTests.swift in Sources */ = {isa = PBXBuildFile; fileRef = 544AE619287EAEFE005AC9D4 /* MYGOOGLEMAPTests.swift */; };
		544AE624287EAEFE005AC9D4 /* MYGOOGLEMAPUITests.swift in Sources */ = {isa = PBXBuildFile; fileRef = 544AE623287EAEFE005AC9D4 /* MYGOOGLEMAPUITests.swift */; };
		544AE626287EAEFE005AC9D4 /* MYGOOGLEMAPUITestsLaunchTests.swift in Sources */ = {isa = PBXBuildFile; fileRef = 544AE625287EAEFE005AC9D4 /* MYGOOGLEMAPUITestsLaunchTests.swift */; };
		546BAAF8287EF47800BFD9AE /* ResultViewController.swift in Sources */ = {isa = PBXBuildFile; fileRef = 546BAAF7287EF47800BFD9AE /* ResultViewController.swift */; };
		546BAAFA287EF93900BFD9AE /* GooglePlacesManager.swift in Sources */ = {isa = PBXBuildFile; fileRef = 546BAAF9287EF93900BFD9AE /* GooglePlacesManager.swift */; };
/* End PBXBuildFile section */

/* Begin PBXContainerItemProxy section */
		544AE616287EAEFE005AC9D4 /* PBXContainerItemProxy */ = {
			isa = PBXContainerItemProxy;
			containerPortal = 544AE5F7287EAEFA005AC9D4 /* Project object */;
			proxyType = 1;
			remoteGlobalIDString = 544AE5FE287EAEFA005AC9D4;
			remoteInfo = MYGOOGLEMAP;
		};
		544AE620287EAEFE005AC9D4 /* PBXContainerItemProxy */ = {
			isa = PBXContainerItemProxy;
			containerPortal = 544AE5F7287EAEFA005AC9D4 /* Project object */;
			proxyType = 1;
			remoteGlobalIDString = 544AE5FE287EAEFA005AC9D4;
			remoteInfo = MYGOOGLEMAP;
		};
/* End PBXContainerItemProxy section */

/* Begin PBXFileReference section */
		094B866BF7389B0E2E9684DB /* Pods_MYGOOGLEMAP.framework */ = {isa = PBXFileReference; explicitFileType = wrapper.framework; includeInIndex = 0; path = Pods_MYGOOGLEMAP.framework; sourceTree = BUILT_PRODUCTS_DIR; };
		0FF36CEB4382FF39C64B39DD /* Pods-MYGOOGLEMAP.debug.xcconfig */ = {isa = PBXFileReference; includeInIndex = 1; lastKnownFileType = text.xcconfig; name = "Pods-MYGOOGLEMAP.debug.xcconfig"; path = "Target Support Files/Pods-MYGOOGLEMAP/Pods-MYGOOGLEMAP.debug.xcconfig"; sourceTree = "<group>"; };
		54199AC5288022A600D21F50 /* AppleMapVC.swift */ = {isa = PBXFileReference; lastKnownFileType = sourcecode.swift; path = AppleMapVC.swift; sourceTree = "<group>"; };
		544AE5FF287EAEFA005AC9D4 /* MYGOOGLEMAP.app */ = {isa = PBXFileReference; explicitFileType = wrapper.application; includeInIndex = 0; path = MYGOOGLEMAP.app; sourceTree = BUILT_PRODUCTS_DIR; };
		544AE602287EAEFA005AC9D4 /* AppDelegate.swift */ = {isa = PBXFileReference; lastKnownFileType = sourcecode.swift; path = AppDelegate.swift; sourceTree = "<group>"; };
		544AE604287EAEFA005AC9D4 /* SceneDelegate.swift */ = {isa = PBXFileReference; lastKnownFileType = sourcecode.swift; path = SceneDelegate.swift; sourceTree = "<group>"; };
		544AE606287EAEFA005AC9D4 /* ViewController.swift */ = {isa = PBXFileReference; lastKnownFileType = sourcecode.swift; path = ViewController.swift; sourceTree = "<group>"; };
		544AE609287EAEFA005AC9D4 /* Base */ = {isa = PBXFileReference; lastKnownFileType = file.storyboard; name = Base; path = Base.lproj/Main.storyboard; sourceTree = "<group>"; };
		544AE60B287EAEFD005AC9D4 /* Assets.xcassets */ = {isa = PBXFileReference; lastKnownFileType = folder.assetcatalog; path = Assets.xcassets; sourceTree = "<group>"; };
		544AE60E287EAEFD005AC9D4 /* Base */ = {isa = PBXFileReference; lastKnownFileType = file.storyboard; name = Base; path = Base.lproj/LaunchScreen.storyboard; sourceTree = "<group>"; };
		544AE610287EAEFD005AC9D4 /* Info.plist */ = {isa = PBXFileReference; lastKnownFileType = text.plist.xml; path = Info.plist; sourceTree = "<group>"; };
		544AE615287EAEFE005AC9D4 /* MYGOOGLEMAPTests.xctest */ = {isa = PBXFileReference; explicitFileType = wrapper.cfbundle; includeInIndex = 0; path = MYGOOGLEMAPTests.xctest; sourceTree = BUILT_PRODUCTS_DIR; };
		544AE619287EAEFE005AC9D4 /* MYGOOGLEMAPTests.swift */ = {isa = PBXFileReference; lastKnownFileType = sourcecode.swift; path = MYGOOGLEMAPTests.swift; sourceTree = "<group>"; };
		544AE61F287EAEFE005AC9D4 /* MYGOOGLEMAPUITests.xctest */ = {isa = PBXFileReference; explicitFileType = wrapper.cfbundle; includeInIndex = 0; path = MYGOOGLEMAPUITests.xctest; sourceTree = BUILT_PRODUCTS_DIR; };
		544AE623287EAEFE005AC9D4 /* MYGOOGLEMAPUITests.swift */ = {isa = PBXFileReference; lastKnownFileType = sourcecode.swift; path = MYGOOGLEMAPUITests.swift; sourceTree = "<group>"; };
		544AE625287EAEFE005AC9D4 /* MYGOOGLEMAPUITestsLaunchTests.swift */ = {isa = PBXFileReference; lastKnownFileType = sourcecode.swift; path = MYGOOGLEMAPUITestsLaunchTests.swift; sourceTree = "<group>"; };
		546BAAF7287EF47800BFD9AE /* ResultViewController.swift */ = {isa = PBXFileReference; lastKnownFileType = sourcecode.swift; path = ResultViewController.swift; sourceTree = "<group>"; };
		546BAAF9287EF93900BFD9AE /* GooglePlacesManager.swift */ = {isa = PBXFileReference; lastKnownFileType = sourcecode.swift; path = GooglePlacesManager.swift; sourceTree = "<group>"; };
		7552BE4DF699BF9908DC3278 /* Pods-MYGOOGLEMAP.release.xcconfig */ = {isa = PBXFileReference; includeInIndex = 1; lastKnownFileType = text.xcconfig; name = "Pods-MYGOOGLEMAP.release.xcconfig"; path = "Target Support Files/Pods-MYGOOGLEMAP/Pods-MYGOOGLEMAP.release.xcconfig"; sourceTree = "<group>"; };
/* End PBXFileReference section */

/* Begin PBXFrameworksBuildPhase section */
		544AE5FC287EAEFA005AC9D4 /* Frameworks */ = {
			isa = PBXFrameworksBuildPhase;
			buildActionMask = 2147483647;
			files = (
				1D72775A2690557B16C2B7BA /* Pods_MYGOOGLEMAP.framework in Frameworks */,
			);
			runOnlyForDeploymentPostprocessing = 0;
		};
		544AE612287EAEFE005AC9D4 /* Frameworks */ = {
			isa = PBXFrameworksBuildPhase;
			buildActionMask = 2147483647;
			files = (
			);
			runOnlyForDeploymentPostprocessing = 0;
		};
		544AE61C287EAEFE005AC9D4 /* Frameworks */ = {
			isa = PBXFrameworksBuildPhase;
			buildActionMask = 2147483647;
			files = (
			);
			runOnlyForDeploymentPostprocessing = 0;
		};
/* End PBXFrameworksBuildPhase section */

/* Begin PBXGroup section */
		53AEF3751FC4F557B023F4BE /* Pods */ = {
			isa = PBXGroup;
			children = (
				0FF36CEB4382FF39C64B39DD /* Pods-MYGOOGLEMAP.debug.xcconfig */,
				7552BE4DF699BF9908DC3278 /* Pods-MYGOOGLEMAP.release.xcconfig */,
			);
			path = Pods;
			sourceTree = "<group>";
		};
		544AE5F6287EAEFA005AC9D4 = {
			isa = PBXGroup;
			children = (
				544AE601287EAEFA005AC9D4 /* MYGOOGLEMAP */,
				544AE618287EAEFE005AC9D4 /* MYGOOGLEMAPTests */,
				544AE622287EAEFE005AC9D4 /* MYGOOGLEMAPUITests */,
				544AE600287EAEFA005AC9D4 /* Products */,
				53AEF3751FC4F557B023F4BE /* Pods */,
				92B7CCBE6F16AAA1881E7E53 /* Frameworks */,
			);
			sourceTree = "<group>";
		};
		544AE600287EAEFA005AC9D4 /* Products */ = {
			isa = PBXGroup;
			children = (
				544AE5FF287EAEFA005AC9D4 /* MYGOOGLEMAP.app */,
				544AE615287EAEFE005AC9D4 /* MYGOOGLEMAPTests.xctest */,
				544AE61F287EAEFE005AC9D4 /* MYGOOGLEMAPUITests.xctest */,
			);
			name = Products;
			sourceTree = "<group>";
		};
		544AE601287EAEFA005AC9D4 /* MYGOOGLEMAP */ = {
			isa = PBXGroup;
			children = (
				544AE602287EAEFA005AC9D4 /* AppDelegate.swift */,
				544AE604287EAEFA005AC9D4 /* SceneDelegate.swift */,
				544AE606287EAEFA005AC9D4 /* ViewController.swift */,
				54199AC5288022A600D21F50 /* AppleMapVC.swift */,
				544AE608287EAEFA005AC9D4 /* Main.storyboard */,
				544AE60B287EAEFD005AC9D4 /* Assets.xcassets */,
				544AE60D287EAEFD005AC9D4 /* LaunchScreen.storyboard */,
				544AE610287EAEFD005AC9D4 /* Info.plist */,
				546BAAF7287EF47800BFD9AE /* ResultViewController.swift */,
				546BAAF9287EF93900BFD9AE /* GooglePlacesManager.swift */,
			);
			path = MYGOOGLEMAP;
			sourceTree = "<group>";
		};
		544AE618287EAEFE005AC9D4 /* MYGOOGLEMAPTests */ = {
			isa = PBXGroup;
			children = (
				544AE619287EAEFE005AC9D4 /* MYGOOGLEMAPTests.swift */,
			);
			path = MYGOOGLEMAPTests;
			sourceTree = "<group>";
		};
		544AE622287EAEFE005AC9D4 /* MYGOOGLEMAPUITests */ = {
			isa = PBXGroup;
			children = (
				544AE623287EAEFE005AC9D4 /* MYGOOGLEMAPUITests.swift */,
				544AE625287EAEFE005AC9D4 /* MYGOOGLEMAPUITestsLaunchTests.swift */,
			);
			path = MYGOOGLEMAPUITests;
			sourceTree = "<group>";
		};
		92B7CCBE6F16AAA1881E7E53 /* Frameworks */ = {
			isa = PBXGroup;
			children = (
				094B866BF7389B0E2E9684DB /* Pods_MYGOOGLEMAP.framework */,
			);
			name = Frameworks;
			sourceTree = "<group>";
		};
/* End PBXGroup section */

/* Begin PBXNativeTarget section */
		544AE5FE287EAEFA005AC9D4 /* MYGOOGLEMAP */ = {
			isa = PBXNativeTarget;
			buildConfigurationList = 544AE629287EAEFE005AC9D4 /* Build configuration list for PBXNativeTarget "MYGOOGLEMAP" */;
			buildPhases = (
				8C14F3FB6D6DDD662B79065C /* [CP] Check Pods Manifest.lock */,
				544AE5FB287EAEFA005AC9D4 /* Sources */,
				544AE5FC287EAEFA005AC9D4 /* Frameworks */,
				544AE5FD287EAEFA005AC9D4 /* Resources */,
				406DC3F192524151435593F2 /* [CP] Copy Pods Resources */,
			);
			buildRules = (
			);
			dependencies = (
			);
			name = MYGOOGLEMAP;
			productName = MYGOOGLEMAP;
			productReference = 544AE5FF287EAEFA005AC9D4 /* MYGOOGLEMAP.app */;
			productType = "com.apple.product-type.application";
		};
		544AE614287EAEFE005AC9D4 /* MYGOOGLEMAPTests */ = {
			isa = PBXNativeTarget;
			buildConfigurationList = 544AE62C287EAEFE005AC9D4 /* Build configuration list for PBXNativeTarget "MYGOOGLEMAPTests" */;
			buildPhases = (
				544AE611287EAEFE005AC9D4 /* Sources */,
				544AE612287EAEFE005AC9D4 /* Frameworks */,
				544AE613287EAEFE005AC9D4 /* Resources */,
			);
			buildRules = (
			);
			dependencies = (
				544AE617287EAEFE005AC9D4 /* PBXTargetDependency */,
			);
			name = MYGOOGLEMAPTests;
			productName = MYGOOGLEMAPTests;
			productReference = 544AE615287EAEFE005AC9D4 /* MYGOOGLEMAPTests.xctest */;
			productType = "com.apple.product-type.bundle.unit-test";
		};
		544AE61E287EAEFE005AC9D4 /* MYGOOGLEMAPUITests */ = {
			isa = PBXNativeTarget;
			buildConfigurationList = 544AE62F287EAEFE005AC9D4 /* Build configuration list for PBXNativeTarget "MYGOOGLEMAPUITests" */;
			buildPhases = (
				544AE61B287EAEFE005AC9D4 /* Sources */,
				544AE61C287EAEFE005AC9D4 /* Frameworks */,
				544AE61D287EAEFE005AC9D4 /* Resources */,
			);
			buildRules = (
			);
			dependencies = (
				544AE621287EAEFE005AC9D4 /* PBXTargetDependency */,
			);
			name = MYGOOGLEMAPUITests;
			productName = MYGOOGLEMAPUITests;
			productReference = 544AE61F287EAEFE005AC9D4 /* MYGOOGLEMAPUITests.xctest */;
			productType = "com.apple.product-type.bundle.ui-testing";
		};
/* End PBXNativeTarget section */

/* Begin PBXProject section */
		544AE5F7287EAEFA005AC9D4 /* Project object */ = {
			isa = PBXProject;
			attributes = {
				BuildIndependentTargetsInParallel = 1;
				LastSwiftUpdateCheck = 1340;
				LastUpgradeCheck = 1340;
				TargetAttributes = {
					544AE5FE287EAEFA005AC9D4 = {
						CreatedOnToolsVersion = 13.4.1;
					};
					544AE614287EAEFE005AC9D4 = {
						CreatedOnToolsVersion = 13.4.1;
						TestTargetID = 544AE5FE287EAEFA005AC9D4;
					};
					544AE61E287EAEFE005AC9D4 = {
						CreatedOnToolsVersion = 13.4.1;
						TestTargetID = 544AE5FE287EAEFA005AC9D4;
					};
				};
			};
			buildConfigurationList = 544AE5FA287EAEFA005AC9D4 /* Build configuration list for PBXProject "MYGOOGLEMAP" */;
			compatibilityVersion = "Xcode 13.0";
			developmentRegion = en;
			hasScannedForEncodings = 0;
			knownRegions = (
				en,
				Base,
			);
			mainGroup = 544AE5F6287EAEFA005AC9D4;
			productRefGroup = 544AE600287EAEFA005AC9D4 /* Products */;
			projectDirPath = "";
			projectRoot = "";
			targets = (
				544AE5FE287EAEFA005AC9D4 /* MYGOOGLEMAP */,
				544AE614287EAEFE005AC9D4 /* MYGOOGLEMAPTests */,
				544AE61E287EAEFE005AC9D4 /* MYGOOGLEMAPUITests */,
			);
		};
/* End PBXProject section */

/* Begin PBXResourcesBuildPhase section */
		544AE5FD287EAEFA005AC9D4 /* Resources */ = {
			isa = PBXResourcesBuildPhase;
			buildActionMask = 2147483647;
			files = (
				544AE60F287EAEFD005AC9D4 /* LaunchScreen.storyboard in Resources */,
				544AE60C287EAEFD005AC9D4 /* Assets.xcassets in Resources */,
				544AE60A287EAEFA005AC9D4 /* Main.storyboard in Resources */,
			);
			runOnlyForDeploymentPostprocessing = 0;
		};
		544AE613287EAEFE005AC9D4 /* Resources */ = {
			isa = PBXResourcesBuildPhase;
			buildActionMask = 2147483647;
			files = (
			);
			runOnlyForDeploymentPostprocessing = 0;
		};
		544AE61D287EAEFE005AC9D4 /* Resources */ = {
			isa = PBXResourcesBuildPhase;
			buildActionMask = 2147483647;
			files = (
			);
			runOnlyForDeploymentPostprocessing = 0;
		};
/* End PBXResourcesBuildPhase section */

/* Begin PBXShellScriptBuildPhase section */
		406DC3F192524151435593F2 /* [CP] Copy Pods Resources */ = {
			isa = PBXShellScriptBuildPhase;
			buildActionMask = 2147483647;
			files = (
			);
			inputFileListPaths = (
				"${PODS_ROOT}/Target Support Files/Pods-MYGOOGLEMAP/Pods-MYGOOGLEMAP-resources-${CONFIGURATION}-input-files.xcfilelist",
			);
			name = "[CP] Copy Pods Resources";
			outputFileListPaths = (
				"${PODS_ROOT}/Target Support Files/Pods-MYGOOGLEMAP/Pods-MYGOOGLEMAP-resources-${CONFIGURATION}-output-files.xcfilelist",
			);
			runOnlyForDeploymentPostprocessing = 0;
			shellPath = /bin/sh;
			shellScript = "\"${PODS_ROOT}/Target Support Files/Pods-MYGOOGLEMAP/Pods-MYGOOGLEMAP-resources.sh\"\n";
			showEnvVarsInLog = 0;
		};
		8C14F3FB6D6DDD662B79065C /* [CP] Check Pods Manifest.lock */ = {
			isa = PBXShellScriptBuildPhase;
			buildActionMask = 2147483647;
			files = (
			);
			inputFileListPaths = (
			);
			inputPaths = (
				"${PODS_PODFILE_DIR_PATH}/Podfile.lock",
				"${PODS_ROOT}/Manifest.lock",
			);
			name = "[CP] Check Pods Manifest.lock";
			outputFileListPaths = (
			);
			outputPaths = (
				"$(DERIVED_FILE_DIR)/Pods-MYGOOGLEMAP-checkManifestLockResult.txt",
			);
			runOnlyForDeploymentPostprocessing = 0;
			shellPath = /bin/sh;
			shellScript = "diff \"${PODS_PODFILE_DIR_PATH}/Podfile.lock\" \"${PODS_ROOT}/Manifest.lock\" > /dev/null\nif [ $? != 0 ] ; then\n    # print error to STDERR\n    echo \"error: The sandbox is not in sync with the Podfile.lock. Run 'pod install' or update your CocoaPods installation.\" >&2\n    exit 1\nfi\n# This output is used by Xcode 'outputs' to avoid re-running this script phase.\necho \"SUCCESS\" > \"${SCRIPT_OUTPUT_FILE_0}\"\n";
			showEnvVarsInLog = 0;
		};
/* End PBXShellScriptBuildPhase section */

/* Begin PBXSourcesBuildPhase section */
		544AE5FB287EAEFA005AC9D4 /* Sources */ = {
			isa = PBXSourcesBuildPhase;
			buildActionMask = 2147483647;
			files = (
				544AE607287EAEFA005AC9D4 /* ViewController.swift in Sources */,
				544AE603287EAEFA005AC9D4 /* AppDelegate.swift in Sources */,
				54199AC7288022A600D21F50 /* AppleMapVC.swift in Sources */,
				544AE605287EAEFA005AC9D4 /* SceneDelegate.swift in Sources */,
				546BAAF8287EF47800BFD9AE /* ResultViewController.swift in Sources */,
				546BAAFA287EF93900BFD9AE /* GooglePlacesManager.swift in Sources */,
			);
			runOnlyForDeploymentPostprocessing = 0;
		};
		544AE611287EAEFE005AC9D4 /* Sources */ = {
			isa = PBXSourcesBuildPhase;
			buildActionMask = 2147483647;
			files = (
				544AE61A287EAEFE005AC9D4 /* MYGOOGLEMAPTests.swift in Sources */,
			);
			runOnlyForDeploymentPostprocessing = 0;
		};
		544AE61B287EAEFE005AC9D4 /* Sources */ = {
			isa = PBXSourcesBuildPhase;
			buildActionMask = 2147483647;
			files = (
				544AE626287EAEFE005AC9D4 /* MYGOOGLEMAPUITestsLaunchTests.swift in Sources */,
				544AE624287EAEFE005AC9D4 /* MYGOOGLEMAPUITests.swift in Sources */,
			);
			runOnlyForDeploymentPostprocessing = 0;
		};
/* End PBXSourcesBuildPhase section */

/* Begin PBXTargetDependency section */
		544AE617287EAEFE005AC9D4 /* PBXTargetDependency */ = {
			isa = PBXTargetDependency;
			target = 544AE5FE287EAEFA005AC9D4 /* MYGOOGLEMAP */;
			targetProxy = 544AE616287EAEFE005AC9D4 /* PBXContainerItemProxy */;
		};
		544AE621287EAEFE005AC9D4 /* PBXTargetDependency */ = {
			isa = PBXTargetDependency;
			target = 544AE5FE287EAEFA005AC9D4 /* MYGOOGLEMAP */;
			targetProxy = 544AE620287EAEFE005AC9D4 /* PBXContainerItemProxy */;
		};
/* End PBXTargetDependency section */

/* Begin PBXVariantGroup section */
		544AE608287EAEFA005AC9D4 /* Main.storyboard */ = {
			isa = PBXVariantGroup;
			children = (
				544AE609287EAEFA005AC9D4 /* Base */,
			);
			name = Main.storyboard;
			sourceTree = "<group>";
		};
		544AE60D287EAEFD005AC9D4 /* LaunchScreen.storyboard */ = {
			isa = PBXVariantGroup;
			children = (
				544AE60E287EAEFD005AC9D4 /* Base */,
			);
			name = LaunchScreen.storyboard;
			sourceTree = "<group>";
		};
/* End PBXVariantGroup section */

/* Begin XCBuildConfiguration section */
		544AE627287EAEFE005AC9D4 /* Debug */ = {
			isa = XCBuildConfiguration;
			buildSettings = {
				ALWAYS_SEARCH_USER_PATHS = NO;
				CLANG_ANALYZER_NONNULL = YES;
				CLANG_ANALYZER_NUMBER_OBJECT_CONVERSION = YES_AGGRESSIVE;
				CLANG_CXX_LANGUAGE_STANDARD = "gnu++17";
				CLANG_ENABLE_MODULES = YES;
				CLANG_ENABLE_OBJC_ARC = YES;
				CLANG_ENABLE_OBJC_WEAK = YES;
				CLANG_WARN_BLOCK_CAPTURE_AUTORELEASING = YES;
				CLANG_WARN_BOOL_CONVERSION = YES;
				CLANG_WARN_COMMA = YES;
				CLANG_WARN_CONSTANT_CONVERSION = YES;
				CLANG_WARN_DEPRECATED_OBJC_IMPLEMENTATIONS = YES;
				CLANG_WARN_DIRECT_OBJC_ISA_USAGE = YES_ERROR;
				CLANG_WARN_DOCUMENTATION_COMMENTS = YES;
				CLANG_WARN_EMPTY_BODY = YES;
				CLANG_WARN_ENUM_CONVERSION = YES;
				CLANG_WARN_INFINITE_RECURSION = YES;
				CLANG_WARN_INT_CONVERSION = YES;
				CLANG_WARN_NON_LITERAL_NULL_CONVERSION = YES;
				CLANG_WARN_OBJC_IMPLICIT_RETAIN_SELF = YES;
				CLANG_WARN_OBJC_LITERAL_CONVERSION = YES;
				CLANG_WARN_OBJC_ROOT_CLASS = YES_ERROR;
				CLANG_WARN_QUOTED_INCLUDE_IN_FRAMEWORK_HEADER = YES;
				CLANG_WARN_RANGE_LOOP_ANALYSIS = YES;
				CLANG_WARN_STRICT_PROTOTYPES = YES;
				CLANG_WARN_SUSPICIOUS_MOVE = YES;
				CLANG_WARN_UNGUARDED_AVAILABILITY = YES_AGGRESSIVE;
				CLANG_WARN_UNREACHABLE_CODE = YES;
				CLANG_WARN__DUPLICATE_METHOD_MATCH = YES;
				COPY_PHASE_STRIP = NO;
				DEBUG_INFORMATION_FORMAT = dwarf;
				ENABLE_STRICT_OBJC_MSGSEND = YES;
				ENABLE_TESTABILITY = YES;
				GCC_C_LANGUAGE_STANDARD = gnu11;
				GCC_DYNAMIC_NO_PIC = NO;
				GCC_NO_COMMON_BLOCKS = YES;
				GCC_OPTIMIZATION_LEVEL = 0;
				GCC_PREPROCESSOR_DEFINITIONS = (
					"DEBUG=1",
					"$(inherited)",
				);
				GCC_WARN_64_TO_32_BIT_CONVERSION = YES;
				GCC_WARN_ABOUT_RETURN_TYPE = YES_ERROR;
				GCC_WARN_UNDECLARED_SELECTOR = YES;
				GCC_WARN_UNINITIALIZED_AUTOS = YES_AGGRESSIVE;
				GCC_WARN_UNUSED_FUNCTION = YES;
				GCC_WARN_UNUSED_VARIABLE = YES;
				IPHONEOS_DEPLOYMENT_TARGET = 15.5;
				MTL_ENABLE_DEBUG_INFO = INCLUDE_SOURCE;
				MTL_FAST_MATH = YES;
				ONLY_ACTIVE_ARCH = YES;
				SDKROOT = iphoneos;
				SWIFT_ACTIVE_COMPILATION_CONDITIONS = DEBUG;
				SWIFT_OPTIMIZATION_LEVEL = "-Onone";
			};
			name = Debug;
		};
		544AE628287EAEFE005AC9D4 /* Release */ = {
			isa = XCBuildConfiguration;
			buildSettings = {
				ALWAYS_SEARCH_USER_PATHS = NO;
				CLANG_ANALYZER_NONNULL = YES;
				CLANG_ANALYZER_NUMBER_OBJECT_CONVERSION = YES_AGGRESSIVE;
				CLANG_CXX_LANGUAGE_STANDARD = "gnu++17";
				CLANG_ENABLE_MODULES = YES;
				CLANG_ENABLE_OBJC_ARC = YES;
				CLANG_ENABLE_OBJC_WEAK = YES;
				CLANG_WARN_BLOCK_CAPTURE_AUTORELEASING = YES;
				CLANG_WARN_BOOL_CONVERSION = YES;
				CLANG_WARN_COMMA = YES;
				CLANG_WARN_CONSTANT_CONVERSION = YES;
				CLANG_WARN_DEPRECATED_OBJC_IMPLEMENTATIONS = YES;
				CLANG_WARN_DIRECT_OBJC_ISA_USAGE = YES_ERROR;
				CLANG_WARN_DOCUMENTATION_COMMENTS = YES;
				CLANG_WARN_EMPTY_BODY = YES;
				CLANG_WARN_ENUM_CONVERSION = YES;
				CLANG_WARN_INFINITE_RECURSION = YES;
				CLANG_WARN_INT_CONVERSION = YES;
				CLANG_WARN_NON_LITERAL_NULL_CONVERSION = YES;
				CLANG_WARN_OBJC_IMPLICIT_RETAIN_SELF = YES;
				CLANG_WARN_OBJC_LITERAL_CONVERSION = YES;
				CLANG_WARN_OBJC_ROOT_CLASS = YES_ERROR;
				CLANG_WARN_QUOTED_INCLUDE_IN_FRAMEWORK_HEADER = YES;
				CLANG_WARN_RANGE_LOOP_ANALYSIS = YES;
				CLANG_WARN_STRICT_PROTOTYPES = YES;
				CLANG_WARN_SUSPICIOUS_MOVE = YES;
				CLANG_WARN_UNGUARDED_AVAILABILITY = YES_AGGRESSIVE;
				CLANG_WARN_UNREACHABLE_CODE = YES;
				CLANG_WARN__DUPLICATE_METHOD_MATCH = YES;
				COPY_PHASE_STRIP = NO;
				DEBUG_INFORMATION_FORMAT = "dwarf-with-dsym";
				ENABLE_NS_ASSERTIONS = NO;
				ENABLE_STRICT_OBJC_MSGSEND = YES;
				GCC_C_LANGUAGE_STANDARD = gnu11;
				GCC_NO_COMMON_BLOCKS = YES;
				GCC_WARN_64_TO_32_BIT_CONVERSION = YES;
				GCC_WARN_ABOUT_RETURN_TYPE = YES_ERROR;
				GCC_WARN_UNDECLARED_SELECTOR = YES;
				GCC_WARN_UNINITIALIZED_AUTOS = YES_AGGRESSIVE;
				GCC_WARN_UNUSED_FUNCTION = YES;
				GCC_WARN_UNUSED_VARIABLE = YES;
				IPHONEOS_DEPLOYMENT_TARGET = 15.5;
				MTL_ENABLE_DEBUG_INFO = NO;
				MTL_FAST_MATH = YES;
				SDKROOT = iphoneos;
				SWIFT_COMPILATION_MODE = wholemodule;
				SWIFT_OPTIMIZATION_LEVEL = "-O";
				VALIDATE_PRODUCT = YES;
			};
			name = Release;
		};
		544AE62A287EAEFE005AC9D4 /* Debug */ = {
			isa = XCBuildConfiguration;
			baseConfigurationReference = 0FF36CEB4382FF39C64B39DD /* Pods-MYGOOGLEMAP.debug.xcconfig */;
			buildSettings = {
				ASSETCATALOG_COMPILER_APPICON_NAME = AppIcon;
				ASSETCATALOG_COMPILER_GLOBAL_ACCENT_COLOR_NAME = AccentColor;
				CODE_SIGN_STYLE = Automatic;
				CURRENT_PROJECT_VERSION = 1;
				GENERATE_INFOPLIST_FILE = YES;
				INFOPLIST_FILE = MYGOOGLEMAP/Info.plist;
				INFOPLIST_KEY_UIApplicationSupportsIndirectInputEvents = YES;
				INFOPLIST_KEY_UILaunchStoryboardName = LaunchScreen;
				INFOPLIST_KEY_UIMainStoryboardFile = Main;
				INFOPLIST_KEY_UISupportedInterfaceOrientations_iPad = "UIInterfaceOrientationPortrait UIInterfaceOrientationPortraitUpsideDown UIInterfaceOrientationLandscapeLeft UIInterfaceOrientationLandscapeRight";
				INFOPLIST_KEY_UISupportedInterfaceOrientations_iPhone = "UIInterfaceOrientationPortrait UIInterfaceOrientationLandscapeLeft UIInterfaceOrientationLandscapeRight";
				LD_RUNPATH_SEARCH_PATHS = (
					"$(inherited)",
					"@executable_path/Frameworks",
				);
				MARKETING_VERSION = 1.0;
				PRODUCT_BUNDLE_IDENTIFIER = Irfan.MYGOOGLEMAP;
				PRODUCT_NAME = "$(TARGET_NAME)";
				SWIFT_EMIT_LOC_STRINGS = YES;
				SWIFT_VERSION = 5.0;
				TARGETED_DEVICE_FAMILY = "1,2";
			};
			name = Debug;
		};
		544AE62B287EAEFE005AC9D4 /* Release */ = {
			isa = XCBuildConfiguration;
			baseConfigurationReference = 7552BE4DF699BF9908DC3278 /* Pods-MYGOOGLEMAP.release.xcconfig */;
			buildSettings = {
				ASSETCATALOG_COMPILER_APPICON_NAME = AppIcon;
				ASSETCATALOG_COMPILER_GLOBAL_ACCENT_COLOR_NAME = AccentColor;
				CODE_SIGN_STYLE = Automatic;
				CURRENT_PROJECT_VERSION = 1;
				GENERATE_INFOPLIST_FILE = YES;
				INFOPLIST_FILE = MYGOOGLEMAP/Info.plist;
				INFOPLIST_KEY_UIApplicationSupportsIndirectInputEvents = YES;
				INFOPLIST_KEY_UILaunchStoryboardName = LaunchScreen;
				INFOPLIST_KEY_UIMainStoryboardFile = Main;
				INFOPLIST_KEY_UISupportedInterfaceOrientations_iPad = "UIInterfaceOrientationPortrait UIInterfaceOrientationPortraitUpsideDown UIInterfaceOrientationLandscapeLeft UIInterfaceOrientationLandscapeRight";
				INFOPLIST_KEY_UISupportedInterfaceOrientations_iPhone = "UIInterfaceOrientationPortrait UIInterfaceOrientationLandscapeLeft UIInterfaceOrientationLandscapeRight";
				LD_RUNPATH_SEARCH_PATHS = (
					"$(inherited)",
					"@executable_path/Frameworks",
				);
				MARKETING_VERSION = 1.0;
				PRODUCT_BUNDLE_IDENTIFIER = Irfan.MYGOOGLEMAP;
				PRODUCT_NAME = "$(TARGET_NAME)";
				SWIFT_EMIT_LOC_STRINGS = YES;
				SWIFT_VERSION = 5.0;
				TARGETED_DEVICE_FAMILY = "1,2";
			};
			name = Release;
		};
		544AE62D287EAEFE005AC9D4 /* Debug */ = {
			isa = XCBuildConfiguration;
			buildSettings = {
				ALWAYS_EMBED_SWIFT_STANDARD_LIBRARIES = YES;
				BUNDLE_LOADER = "$(TEST_HOST)";
				CODE_SIGN_STYLE = Automatic;
				CURRENT_PROJECT_VERSION = 1;
				GENERATE_INFOPLIST_FILE = YES;
				IPHONEOS_DEPLOYMENT_TARGET = 15.5;
				MARKETING_VERSION = 1.0;
				PRODUCT_BUNDLE_IDENTIFIER = Irfan.MYGOOGLEMAPTests;
				PRODUCT_NAME = "$(TARGET_NAME)";
				SWIFT_EMIT_LOC_STRINGS = NO;
				SWIFT_VERSION = 5.0;
				TARGETED_DEVICE_FAMILY = "1,2";
				TEST_HOST = "$(BUILT_PRODUCTS_DIR)/MYGOOGLEMAP.app/MYGOOGLEMAP";
			};
			name = Debug;
		};
		544AE62E287EAEFE005AC9D4 /* Release */ = {
			isa = XCBuildConfiguration;
			buildSettings = {
				ALWAYS_EMBED_SWIFT_STANDARD_LIBRARIES = YES;
				BUNDLE_LOADER = "$(TEST_HOST)";
				CODE_SIGN_STYLE = Automatic;
				CURRENT_PROJECT_VERSION = 1;
				GENERATE_INFOPLIST_FILE = YES;
				IPHONEOS_DEPLOYMENT_TARGET = 15.5;
				MARKETING_VERSION = 1.0;
				PRODUCT_BUNDLE_IDENTIFIER = Irfan.MYGOOGLEMAPTests;
				PRODUCT_NAME = "$(TARGET_NAME)";
				SWIFT_EMIT_LOC_STRINGS = NO;
				SWIFT_VERSION = 5.0;
				TARGETED_DEVICE_FAMILY = "1,2";
				TEST_HOST = "$(BUILT_PRODUCTS_DIR)/MYGOOGLEMAP.app/MYGOOGLEMAP";
			};
			name = Release;
		};
		544AE630287EAEFE005AC9D4 /* Debug */ = {
			isa = XCBuildConfiguration;
			buildSettings = {
				ALWAYS_EMBED_SWIFT_STANDARD_LIBRARIES = YES;
				CODE_SIGN_STYLE = Automatic;
				CURRENT_PROJECT_VERSION = 1;
				GENERATE_INFOPLIST_FILE = YES;
				MARKETING_VERSION = 1.0;
				PRODUCT_BUNDLE_IDENTIFIER = Irfan.MYGOOGLEMAPUITests;
				PRODUCT_NAME = "$(TARGET_NAME)";
				SWIFT_EMIT_LOC_STRINGS = NO;
				SWIFT_VERSION = 5.0;
				TARGETED_DEVICE_FAMILY = "1,2";
				TEST_TARGET_NAME = MYGOOGLEMAP;
			};
			name = Debug;
		};
		544AE631287EAEFE005AC9D4 /* Release */ = {
			isa = XCBuildConfiguration;
			buildSettings = {
				ALWAYS_EMBED_SWIFT_STANDARD_LIBRARIES = YES;
				CODE_SIGN_STYLE = Automatic;
				CURRENT_PROJECT_VERSION = 1;
				GENERATE_INFOPLIST_FILE = YES;
				MARKETING_VERSION = 1.0;
				PRODUCT_BUNDLE_IDENTIFIER = Irfan.MYGOOGLEMAPUITests;
				PRODUCT_NAME = "$(TARGET_NAME)";
				SWIFT_EMIT_LOC_STRINGS = NO;
				SWIFT_VERSION = 5.0;
				TARGETED_DEVICE_FAMILY = "1,2";
				TEST_TARGET_NAME = MYGOOGLEMAP;
			};
			name = Release;
		};
/* End XCBuildConfiguration section */

/* Begin XCConfigurationList section */
		544AE5FA287EAEFA005AC9D4 /* Build configuration list for PBXProject "MYGOOGLEMAP" */ = {
			isa = XCConfigurationList;
			buildConfigurations = (
				544AE627287EAEFE005AC9D4 /* Debug */,
				544AE628287EAEFE005AC9D4 /* Release */,
			);
			defaultConfigurationIsVisible = 0;
			defaultConfigurationName = Release;
		};
		544AE629287EAEFE005AC9D4 /* Build configuration list for PBXNativeTarget "MYGOOGLEMAP" */ = {
			isa = XCConfigurationList;
			buildConfigurations = (
				544AE62A287EAEFE005AC9D4 /* Debug */,
				544AE62B287EAEFE005AC9D4 /* Release */,
			);
			defaultConfigurationIsVisible = 0;
			defaultConfigurationName = Release;
		};
		544AE62C287EAEFE005AC9D4 /* Build configuration list for PBXNativeTarget "MYGOOGLEMAPTests" */ = {
			isa = XCConfigurationList;
			buildConfigurations = (
				544AE62D287EAEFE005AC9D4 /* Debug */,
				544AE62E287EAEFE005AC9D4 /* Release */,
			);
			defaultConfigurationIsVisible = 0;
			defaultConfigurationName = Release;
		};
		544AE62F287EAEFE005AC9D4 /* Build configuration list for PBXNativeTarget "MYGOOGLEMAPUITests" */ = {
			isa = XCConfigurationList;
			buildConfigurations = (
				544AE630287EAEFE005AC9D4 /* Debug */,
				544AE631287EAEFE005AC9D4 /* Release */,
			);
			defaultConfigurationIsVisible = 0;
			defaultConfigurationName = Release;
		};
/* End XCConfigurationList section */
	};
	rootObject = 544AE5F7287EAEFA005AC9D4 /* Project object */;
}
